
Microsoft Visual Studio Solution File, Format Version 12.00
# Visual Studio 15
VisualStudioVersion = 15.0.27004.2005
MinimumVisualStudioVersion = 10.0.40219.1
Project("{FAE04EC0-301F-11D3-BF4B-00C04F79EFBC}") = "csharp-string-format", "csharp-string-format\csharp-string-format.csproj", "{F5865419-FAF8-4D98-9D5A-79799263C195}"
EndProject
Global
	GlobalSection(SolutionConfigurationPlatforms) = preSolution
		Debug|Any CPU = Debug|Any CPU
		Release|Any CPU = Release|Any CPU
	EndGlobalSection
	GlobalSection(ProjectConfigurationPlatforms) = postSolution
		{F5865419-FAF8-4D98-9D5A-79799263C195}.Debug|Any CPU.ActiveCfg = Debug|Any CPU
		{F5865419-FAF8-4D98-9D5A-79799263C195}.Debug|Any CPU.Build.0 = Debug|Any CPU
		{F5865419-FAF8-4D98-9D5A-79799263C195}.Release|Any CPU.ActiveCfg = Release|Any CPU
		{F5865419-FAF8-4D98-9D5A-79799263C195}.Release|Any CPU.Build.0 = Release|Any CPU
	EndGlobalSection
	GlobalSection(SolutionProperties) = preSolution
		HideSolutionNode = FALSE
	EndGlobalSection
	GlobalSection(ExtensibilityGlobals) = postSolution
		SolutionGuid = {8BA0C14E-8096-4679-9849-72C1AD79D6E4}
	EndGlobalSection
EndGlobal
